lockfileVersion: '9.0'

settings:
  autoInstallPeers: true
  excludeLinksFromLockfile: false

importers:

  .:
    dependencies:
      png2icons:
        specifier: ^2.0.1
        version: 2.0.1

packages:

  png2icons@2.0.1:
    resolution: {integrity: sha512-GDEQJr8OG4e6JMp7mABtXFSEpgJa1CCpbQiAR+EjhkHJHnUL9zPPtbOrjsMD8gUbikgv3j7x404b0YJsV3aVFA==}
    hasBin: true

snapshots:

  png2icons@2.0.1: {}
